
Microsoft Visual Studio Solution File, Format Version 12.00
# Visual Studio Version 16
VisualStudioVersion = 16.0.31424.327
MinimumVisualStudioVersion = 10.0.40219.1
Project("{2150E333-8FDC-42A3-9474-1A3956D46DE8}") = "Demos", "Demos", "{6826C9A4-6E87-47E2-A628-DA804DE9F258}"
EndProject
Project("{FAE04EC0-301F-11D3-BF4B-00C04F79EFBC}") = "VectorTileRenderer", "VectorTileRenderer\VectorTileRenderer.csproj", "{46423799-3B17-4E62-B0AB-5C5A13EE9EB2}"
EndProject
Project("{FAE04EC0-301F-11D3-BF4B-00C04F79EFBC}") = "TestRenderer", "TestRenderer\TestRenderer.csproj", "{ADE7C15B-59B0-4902-B610-E8B8165F8AA2}"
EndProject
Project("{FAE04EC0-301F-11D3-BF4B-00C04F79EFBC}") = "OldVectorTileRenderer", "OldVectorTileRenderer\OldVectorTileRenderer.csproj", "{35B760AF-7972-4669-83B6-9385AB9F8897}"
EndProject
Project("{9A19103F-16F7-4668-BE54-9A1E7A4F7556}") = "VectorTileRenderer2", "VectorTileRenderer2\VectorTileRenderer2.csproj", "{1C299BA7-956E-4A8F-8BBA-A5215CA0C9FA}"
EndProject
Project("{9A19103F-16F7-4668-BE54-9A1E7A4F7556}") = "Mapbox.VectorTile", "Mapbox.VectorTile\Mapbox.VectorTile.csproj", "{D3885393-7DCC-41E7-B2B4-8FBDD63156D7}"
EndProject
Project("{9A19103F-16F7-4668-BE54-9A1E7A4F7556}") = "ColorMinePortable", "ColorMinePortable\ColorMinePortable.csproj", "{947D9667-2D13-4583-991E-5228DCD94464}"
EndProject
Project("{FAE04EC0-301F-11D3-BF4B-00C04F79EFBC}") = "RasterTileServer", "RasterTileServer\RasterTileServer.csproj", "{0C819276-6DDB-49A2-8F39-913D349D49E3}"
EndProject
Global
	GlobalSection(SolutionConfigurationPlatforms) = preSolution
		Debug|Any CPU = Debug|Any CPU
		Release|Any CPU = Release|Any CPU
	EndGlobalSection
	GlobalSection(ProjectConfigurationPlatforms) = postSolution
		{46423799-3B17-4E62-B0AB-5C5A13EE9EB2}.Debug|Any CPU.ActiveCfg = Debug|Any CPU
		{46423799-3B17-4E62-B0AB-5C5A13EE9EB2}.Debug|Any CPU.Build.0 = Debug|Any CPU
		{46423799-3B17-4E62-B0AB-5C5A13EE9EB2}.Release|Any CPU.ActiveCfg = Release|Any CPU
		{46423799-3B17-4E62-B0AB-5C5A13EE9EB2}.Release|Any CPU.Build.0 = Release|Any CPU
		{ADE7C15B-59B0-4902-B610-E8B8165F8AA2}.Debug|Any CPU.ActiveCfg = Debug|Any CPU
		{ADE7C15B-59B0-4902-B610-E8B8165F8AA2}.Debug|Any CPU.Build.0 = Debug|Any CPU
		{ADE7C15B-59B0-4902-B610-E8B8165F8AA2}.Release|Any CPU.ActiveCfg = Release|Any CPU
		{ADE7C15B-59B0-4902-B610-E8B8165F8AA2}.Release|Any CPU.Build.0 = Release|Any CPU
		{35B760AF-7972-4669-83B6-9385AB9F8897}.Debug|Any CPU.ActiveCfg = Debug|Any CPU
		{35B760AF-7972-4669-83B6-9385AB9F8897}.Debug|Any CPU.Build.0 = Debug|Any CPU
		{35B760AF-7972-4669-83B6-9385AB9F8897}.Release|Any CPU.ActiveCfg = Release|Any CPU
		{35B760AF-7972-4669-83B6-9385AB9F8897}.Release|Any CPU.Build.0 = Release|Any CPU
		{1C299BA7-956E-4A8F-8BBA-A5215CA0C9FA}.Debug|Any CPU.ActiveCfg = Debug|Any CPU
		{1C299BA7-956E-4A8F-8BBA-A5215CA0C9FA}.Debug|Any CPU.Build.0 = Debug|Any CPU
		{1C299BA7-956E-4A8F-8BBA-A5215CA0C9FA}.Release|Any CPU.ActiveCfg = Release|Any CPU
		{1C299BA7-956E-4A8F-8BBA-A5215CA0C9FA}.Release|Any CPU.Build.0 = Release|Any CPU
		{D3885393-7DCC-41E7-B2B4-8FBDD63156D7}.Debug|Any CPU.ActiveCfg = Debug|Any CPU
		{D3885393-7DCC-41E7-B2B4-8FBDD63156D7}.Debug|Any CPU.Build.0 = Debug|Any CPU
		{D3885393-7DCC-41E7-B2B4-8FBDD63156D7}.Release|Any CPU.ActiveCfg = Release|Any CPU
		{D3885393-7DCC-41E7-B2B4-8FBDD63156D7}.Release|Any CPU.Build.0 = Release|Any CPU
		{947D9667-2D13-4583-991E-5228DCD94464}.Debug|Any CPU.ActiveCfg = Debug|Any CPU
		{947D9667-2D13-4583-991E-5228DCD94464}.Debug|Any CPU.Build.0 = Debug|Any CPU
		{947D9667-2D13-4583-991E-5228DCD94464}.Release|Any CPU.ActiveCfg = Release|Any CPU
		{947D9667-2D13-4583-991E-5228DCD94464}.Release|Any CPU.Build.0 = Release|Any CPU
		{0C819276-6DDB-49A2-8F39-913D349D49E3}.Debug|Any CPU.ActiveCfg = Debug|Any CPU
		{0C819276-6DDB-49A2-8F39-913D349D49E3}.Debug|Any CPU.Build.0 = Debug|Any CPU
		{0C819276-6DDB-49A2-8F39-913D349D49E3}.Release|Any CPU.ActiveCfg = Release|Any CPU
		{0C819276-6DDB-49A2-8F39-913D349D49E3}.Release|Any CPU.Build.0 = Release|Any CPU
	EndGlobalSection
	GlobalSection(SolutionProperties) = preSolution
		HideSolutionNode = FALSE
	EndGlobalSection
	GlobalSection(ExtensibilityGlobals) = postSolution
		SolutionGuid = {A4A26CC2-C1FB-4EC6-B664-7ABC05717EEA}
	EndGlobalSection
EndGlobal
